
Microsoft Visual Studio Solution File, Format Version 12.00
# Visual Studio Version 17
VisualStudioVersion = 17.1.32228.430
MinimumVisualStudioVersion = 10.0.40219.1
Project("{FAE04EC0-301F-11D3-BF4B-00C04F79EFBC}") = "DiscordBotTutorial", "DiscordBotTutorial\DiscordBotTutorial.csproj", "{E962F428-E7EA-46B8-AE51-F95FD8551EE6}"
EndProject
Global
	GlobalSection(SolutionConfigurationPlatforms) = preSolution
		Debug|Any CPU = Debug|Any CPU
		Release|Any CPU = Release|Any CPU
	EndGlobalSection
	GlobalSection(ProjectConfigurationPlatforms) = postSolution
		{E962F428-E7EA-46B8-AE51-F95FD8551EE6}.Debug|Any CPU.ActiveCfg = Debug|Any CPU
		{E962F428-E7EA-46B8-AE51-F95FD8551EE6}.Debug|Any CPU.Build.0 = Debug|Any CPU
		{E962F428-E7EA-46B8-AE51-F95FD8551EE6}.Release|Any CPU.ActiveCfg = Release|Any CPU
		{E962F428-E7EA-46B8-AE51-F95FD8551EE6}.Release|Any CPU.Build.0 = Release|Any CPU
	EndGlobalSection
	GlobalSection(SolutionProperties) = preSolution
		HideSolutionNode = FALSE
	EndGlobalSection
	GlobalSection(ExtensibilityGlobals) = postSolution
		SolutionGuid = {4D5B9993-8F71-463B-9027-872E530F1A7F}
	EndGlobalSection
EndGlobal
